
Microsoft Visual Studio Solution File, Format Version 12.00
# Visual Studio Version 16
VisualStudioVersion = 16.0.30406.217
MinimumVisualStudioVersion = 10.0.40219.1
Project("{9A19103F-16F7-4668-BE54-9A1E7A4F7556}") = "LircSharp", "LircSharp\LircSharp.csproj", "{091FDC13-B8B1-46BE-B133-464FAB83646D}"
EndProject
Project("{FAE04EC0-301F-11D3-BF4B-00C04F79EFBC}") = "PiWebServer", "PiWebServer\PiWebServer.csproj", "{CBEEC778-646B-4DD4-A19A-7D66784CC748}"
EndProject
Global
	GlobalSection(SolutionConfigurationPlatforms) = preSolution
		Debug|Any CPU = Debug|Any CPU
		Release|Any CPU = Release|Any CPU
	EndGlobalSection
	GlobalSection(ProjectConfigurationPlatforms) = postSolution
		{091FDC13-B8B1-46BE-B133-464FAB83646D}.Debug|Any CPU.ActiveCfg = Debug|Any CPU
		{091FDC13-B8B1-46BE-B133-464FAB83646D}.Debug|Any CPU.Build.0 = Debug|Any CPU
		{091FDC13-B8B1-46BE-B133-464FAB83646D}.Release|Any CPU.ActiveCfg = Release|Any CPU
		{091FDC13-B8B1-46BE-B133-464FAB83646D}.Release|Any CPU.Build.0 = Release|Any CPU
		{CBEEC778-646B-4DD4-A19A-7D66784CC748}.Debug|Any CPU.ActiveCfg = Debug|Any CPU
		{CBEEC778-646B-4DD4-A19A-7D66784CC748}.Debug|Any CPU.Build.0 = Debug|Any CPU
		{CBEEC778-646B-4DD4-A19A-7D66784CC748}.Release|Any CPU.ActiveCfg = Release|Any CPU
		{CBEEC778-646B-4DD4-A19A-7D66784CC748}.Release|Any CPU.Build.0 = Release|Any CPU
	EndGlobalSection
	GlobalSection(SolutionProperties) = preSolution
		HideSolutionNode = FALSE
	EndGlobalSection
	GlobalSection(ExtensibilityGlobals) = postSolution
		SolutionGuid = {C7EF54BC-4A88-44F2-9CE5-591AB26A008A}
	EndGlobalSection
EndGlobal
